// !$*UTF8*$!
{
	archiveVersion = 1;
	classes = {
	};
	objectVersion = 77;
	objects = {

/* Begin PBXBuildFile section */
		214789592EF728090094780D /* CategoryCollectionViewCell.swift in Sources */ = {isa = PBXBuildFile; fileRef = 214789582EF728090094780D /* CategoryCollectionViewCell.swift */; };
		2147895B2EF728270094780D /* MealCollectionViewCell.swift in Sources */ = {isa = PBXBuildFile; fileRef = 2147895A2EF728270094780D /* MealCollectionViewCell.swift */; };
		21D73FF42EF5D784009CD482 /* Meal.swift in Sources */ = {isa = PBXBuildFile; fileRef = 21D73FF32EF5D784009CD482 /* Meal.swift */; };
		21D73FF62EF5D7C7009CD482 /* Category.swift in Sources */ = {isa = PBXBuildFile; fileRef = 21D73FF52EF5D7C7009CD482 /* Category.swift */; };
		21D73FF82EF5D832009CD482 /* HomeViewModel.swift in Sources */ = {isa = PBXBuildFile; fileRef = 21D73FF72EF5D832009CD482 /* HomeViewModel.swift */; };
		21D73FFA2EF5D97C009CD482 /* MenuViewModel.swift in Sources */ = {isa = PBXBuildFile; fileRef = 21D73FF92EF5D97C009CD482 /* MenuViewModel.swift */; };
		21D73FFC2EF5D9B2009CD482 /* MealDetailsViewModel.swift in Sources */ = {isa = PBXBuildFile; fileRef = 21D73FFB2EF5D9B2009CD482 /* MealDetailsViewModel.swift */; };
		21D740002EF5DB8C009CD482 /* HomeViewController.swift in Sources */ = {isa = PBXBuildFile; fileRef = 21D73FFF2EF5DB8C009CD482 /* HomeViewController.swift */; };
		21D740022EF5DDCD009CD482 /* MenuViewController.swift in Sources */ = {isa = PBXBuildFile; fileRef = 21D740012EF5DDCD009CD482 /* MenuViewController.swift */; };
		21D740042EF5DDF2009CD482 /* MealDetailsViewController.swift in Sources */ = {isa = PBXBuildFile; fileRef = 21D740032EF5DDF2009CD482 /* MealDetailsViewController.swift */; };
		21D740062EF5DE0E009CD482 /* SplashViewController.swift in Sources */ = {isa = PBXBuildFile; fileRef = 21D740052EF5DE0E009CD482 /* SplashViewController.swift */; };
/* End PBXBuildFile section */

/* Begin PBXFileReference section */
		214789582EF728090094780D /* CategoryCollectionViewCell.swift */ = {isa = PBXFileReference; lastKnownFileType = sourcecode.swift; path = CategoryCollectionViewCell.swift; sourceTree = "<group>"; };
		2147895A2EF728270094780D /* MealCollectionViewCell.swift */ = {isa = PBXFileReference; lastKnownFileType = sourcecode.swift; path = MealCollectionViewCell.swift; sourceTree = "<group>"; };
		21D73FD72EF5D5A4009CD482 /* Yammy.app */ = {isa = PBXFileReference; explicitFileType = wrapper.application; includeInIndex = 0; path = Yammy.app; sourceTree = BUILT_PRODUCTS_DIR; };
		21D73FF32EF5D784009CD482 /* Meal.swift */ = {isa = PBXFileReference; lastKnownFileType = sourcecode.swift; path = Meal.swift; sourceTree = "<group>"; };
		21D73FF52EF5D7C7009CD482 /* Category.swift */ = {isa = PBXFileReference; lastKnownFileType = sourcecode.swift; path = Category.swift; sourceTree = "<group>"; };
		21D73FF72EF5D832009CD482 /* HomeViewModel.swift */ = {isa = PBXFileReference; lastKnownFileType = sourcecode.swift; path = HomeViewModel.swift; sourceTree = "<group>"; };
		21D73FF92EF5D97C009CD482 /* MenuViewModel.swift */ = {isa = PBXFileReference; lastKnownFileType = sourcecode.swift; path = MenuViewModel.swift; sourceTree = "<group>"; };
		21D73FFB2EF5D9B2009CD482 /* MealDetailsViewModel.swift */ = {isa = PBXFileReference; lastKnownFileType = sourcecode.swift; path = MealDetailsViewModel.swift; sourceTree = "<group>"; };
		21D73FFF2EF5DB8C009CD482 /* HomeViewController.swift */ = {isa = PBXFileReference; lastKnownFileType = sourcecode.swift; path = HomeViewController.swift; sourceTree = "<group>"; };
		21D740012EF5DDCD009CD482 /* MenuViewController.swift */ = {isa = PBXFileReference; lastKnownFileType = sourcecode.swift; path = MenuViewController.swift; sourceTree = "<group>"; };
		21D740032EF5DDF2009CD482 /* MealDetailsViewController.swift */ = {isa = PBXFileReference; lastKnownFileType = sourcecode.swift; path = MealDetailsViewController.swift; sourceTree = "<group>"; };
		21D740052EF5DE0E009CD482 /* SplashViewController.swift */ = {isa = PBXFileReference; lastKnownFileType = sourcecode.swift; path = SplashViewController.swift; sourceTree = "<group>"; };
/* End PBXFileReference section */

/* Begin PBXFileSystemSynchronizedBuildFileExceptionSet section */
		21D73FE92EF5D5A6009CD482 /* Exceptions for "Yammy" folder in "Yammy" target */ = {
			isa = PBXFileSystemSynchronizedBuildFileExceptionSet;
			membershipExceptions = (
				Info.plist,
			);
			target = 21D73FD62EF5D5A4009CD482 /* Yammy */;
		};
/* End PBXFileSystemSynchronizedBuildFileExceptionSet section */

/* Begin PBXFileSystemSynchronizedRootGroup section */
		21D73FD92EF5D5A4009CD482 /* Yammy */ = {
			isa = PBXFileSystemSynchronizedRootGroup;
			exceptions = (
				21D73FE92EF5D5A6009CD482 /* Exceptions for "Yammy" folder in "Yammy" target */,
			);
			path = Yammy;
			sourceTree = "<group>";
		};
/* End PBXFileSystemSynchronizedRootGroup section */

/* Begin PBXFrameworksBuildPhase section */
		21D73FD42EF5D5A4009CD482 /* Frameworks */ = {
			isa = PBXFrameworksBuildPhase;
			buildActionMask = 2147483647;
			files = (
			);
			runOnlyForDeploymentPostprocessing = 0;
		};
/* End PBXFrameworksBuildPhase section */

/* Begin PBXGroup section */
		214789572EF727990094780D /* Cells */ = {
			isa = PBXGroup;
			children = (
				214789582EF728090094780D /* CategoryCollectionViewCell.swift */,
				2147895A2EF728270094780D /* MealCollectionViewCell.swift */,
			);
			path = Cells;
			sourceTree = "<group>";
		};
		21D73FCE2EF5D5A4009CD482 = {
			isa = PBXGroup;
			children = (
				21D73FF22EF5D727009CD482 /* View */,
				214789572EF727990094780D /* Cells */,
				21D73FF12EF5D70A009CD482 /* ViewModel */,
				21D73FEF2EF5D696009CD482 /* Model */,
				21D73FD92EF5D5A4009CD482 /* Yammy */,
				21D73FD82EF5D5A4009CD482 /* Products */,
			);
			sourceTree = "<group>";
		};
		21D73FD82EF5D5A4009CD482 /* Products */ = {
			isa = PBXGroup;
			children = (
				21D73FD72EF5D5A4009CD482 /* Yammy.app */,
			);
			name = Products;
			sourceTree = "<group>";
		};
		21D73FEF2EF5D696009CD482 /* Model */ = {
			isa = PBXGroup;
			children = (
				21D73FF52EF5D7C7009CD482 /* Category.swift */,
				21D73FF32EF5D784009CD482 /* Meal.swift */,
			);
			path = Model;
			sourceTree = "<group>";
		};
		21D73FF12EF5D70A009CD482 /* ViewModel */ = {
			isa = PBXGroup;
			children = (
				21D73FF72EF5D832009CD482 /* HomeViewModel.swift */,
				21D73FF92EF5D97C009CD482 /* MenuViewModel.swift */,
				21D73FFB2EF5D9B2009CD482 /* MealDetailsViewModel.swift */,
			);
			path = ViewModel;
			sourceTree = "<group>";
		};
		21D73FF22EF5D727009CD482 /* View */ = {
			isa = PBXGroup;
			children = (
				21D740052EF5DE0E009CD482 /* SplashViewController.swift */,
				21D73FFF2EF5DB8C009CD482 /* HomeViewController.swift */,
				21D740012EF5DDCD009CD482 /* MenuViewController.swift */,
				21D740032EF5DDF2009CD482 /* MealDetailsViewController.swift */,
			);
			path = View;
			sourceTree = "<group>";
		};
/* End PBXGroup section */

/* Begin PBXNativeTarget section */
		21D73FD62EF5D5A4009CD482 /* Yammy */ = {
			isa = PBXNativeTarget;
			buildConfigurationList = 21D73FEA2EF5D5A6009CD482 /* Build configuration list for PBXNativeTarget "Yammy" */;
			buildPhases = (
				21D73FD32EF5D5A4009CD482 /* Sources */,
				21D73FD42EF5D5A4009CD482 /* Frameworks */,
				21D73FD52EF5D5A4009CD482 /* Resources */,
			);
			buildRules = (
			);
			dependencies = (
			);
			fileSystemSynchronizedGroups = (
				21D73FD92EF5D5A4009CD482 /* Yammy */,
			);
			name = Yammy;
			packageProductDependencies = (
			);
			productName = Yammy;
			productReference = 21D73FD72EF5D5A4009CD482 /* Yammy.app */;
			productType = "com.apple.product-type.application";
		};
/* End PBXNativeTarget section */

/* Begin PBXProject section */
		21D73FCF2EF5D5A4009CD482 /* Project object */ = {
			isa = PBXProject;
			attributes = {
				BuildIndependentTargetsInParallel = 1;
				LastSwiftUpdateCheck = 1620;
				LastUpgradeCheck = 1620;
				TargetAttributes = {
					21D73FD62EF5D5A4009CD482 = {
						CreatedOnToolsVersion = 16.2;
					};
				};
			};
			buildConfigurationList = 21D73FD22EF5D5A4009CD482 /* Build configuration list for PBXProject "Yammy" */;
			developmentRegion = en;
			hasScannedForEncodings = 0;
			knownRegions = (
				en,
				Base,
			);
			mainGroup = 21D73FCE2EF5D5A4009CD482;
			minimizedProjectReferenceProxies = 1;
			preferredProjectObjectVersion = 77;
			productRefGroup = 21D73FD82EF5D5A4009CD482 /* Products */;
			projectDirPath = "";
			projectRoot = "";
			targets = (
				21D73FD62EF5D5A4009CD482 /* Yammy */,
			);
		};
/* End PBXProject section */

/* Begin PBXResourcesBuildPhase section */
		21D73FD52EF5D5A4009CD482 /* Resources */ = {
			isa = PBXResourcesBuildPhase;
			buildActionMask = 2147483647;
			files = (
			);
			runOnlyForDeploymentPostprocessing = 0;
		};
/* End PBXResourcesBuildPhase section */

/* Begin PBXSourcesBuildPhase section */
		21D73FD32EF5D5A4009CD482 /* Sources */ = {
			isa = PBXSourcesBuildPhase;
			buildActionMask = 2147483647;
			files = (
				21D73FF42EF5D784009CD482 /* Meal.swift in Sources */,
				21D73FFA2EF5D97C009CD482 /* MenuViewModel.swift in Sources */,
				2147895B2EF728270094780D /* MealCollectionViewCell.swift in Sources */,
				21D73FF82EF5D832009CD482 /* HomeViewModel.swift in Sources */,
				21D73FF62EF5D7C7009CD482 /* Category.swift in Sources */,
				214789592EF728090094780D /* CategoryCollectionViewCell.swift in Sources */,
				21D740022EF5DDCD009CD482 /* MenuViewController.swift in Sources */,
				21D740002EF5DB8C009CD482 /* HomeViewController.swift in Sources */,
				21D73FFC2EF5D9B2009CD482 /* MealDetailsViewModel.swift in Sources */,
				21D740042EF5DDF2009CD482 /* MealDetailsViewController.swift in Sources */,
				21D740062EF5DE0E009CD482 /* SplashViewController.swift in Sources */,
			);
			runOnlyForDeploymentPostprocessing = 0;
		};
/* End PBXSourcesBuildPhase section */

/* Begin XCBuildConfiguration section */
		21D73FEB2EF5D5A6009CD482 /* Debug */ = {
			isa = XCBuildConfiguration;
			buildSettings = {
				ASSETCATALOG_COMPILER_APPICON_NAME = AppIcon;
				ASSETCATALOG_COMPILER_GLOBAL_ACCENT_COLOR_NAME = AccentColor;
				CODE_SIGN_STYLE = Automatic;
				CURRENT_PROJECT_VERSION = 1;
				GENERATE_INFOPLIST_FILE = YES;
				INFOPLIST_FILE = Yammy/Info.plist;
				INFOPLIST_KEY_UIApplicationSupportsIndirectInputEvents = YES;
				INFOPLIST_KEY_UILaunchStoryboardName = LaunchScreen;
				INFOPLIST_KEY_UIMainStoryboardFile = Main;
				INFOPLIST_KEY_UISupportedInterfaceOrientations_iPad = "UIInterfaceOrientationPortrait UIInterfaceOrientationPortraitUpsideDown UIInterfaceOrientationLandscapeLeft UIInterfaceOrientationLandscapeRight";
				INFOPLIST_KEY_UISupportedInterfaceOrientations_iPhone = "UIInterfaceOrientationPortrait UIInterfaceOrientationLandscapeLeft UIInterfaceOrientationLandscapeRight";
				LD_RUNPATH_SEARCH_PATHS = (
					"$(inherited)",
					"@executable_path/Frameworks",
				);
				MARKETING_VERSION = 1.0;
				PRODUCT_BUNDLE_IDENTIFIER = com.learn.Yammy;
				PRODUCT_NAME = "$(TARGET_NAME)";
				SWIFT_EMIT_LOC_STRINGS = YES;
				SWIFT_VERSION = 5.0;
				TARGETED_DEVICE_FAMILY = "1,2";
			};
			name = Debug;
		};
		21D73FEC2EF5D5A6009CD482 /* Release */ = {
			isa = XCBuildConfiguration;
			buildSettings = {
				ASSETCATALOG_COMPILER_APPICON_NAME = AppIcon;
				ASSETCATALOG_COMPILER_GLOBAL_ACCENT_COLOR_NAME = AccentColor;
				CODE_SIGN_STYLE = Automatic;
				CURRENT_PROJECT_VERSION = 1;
				GENERATE_INFOPLIST_FILE = YES;
				INFOPLIST_FILE = Yammy/Info.plist;
				INFOPLIST_KEY_UIApplicationSupportsIndirectInputEvents = YES;
				INFOPLIST_KEY_UILaunchStoryboardName = LaunchScreen;
				INFOPLIST_KEY_UIMainStoryboardFile = Main;
				INFOPLIST_KEY_UISupportedInterfaceOrientations_iPad = "UIInterfaceOrientationPortrait UIInterfaceOrientationPortraitUpsideDown UIInterfaceOrientationLandscapeLeft UIInterfaceOrientationLandscapeRight";
				INFOPLIST_KEY_UISupportedInterfaceOrientations_iPhone = "UIInterfaceOrientationPortrait UIInterfaceOrientationLandscapeLeft UIInterfaceOrientationLandscapeRight";
				LD_RUNPATH_SEARCH_PATHS = (
					"$(inherited)",
					"@executable_path/Frameworks",
				);
				MARKETING_VERSION = 1.0;
				PRODUCT_BUNDLE_IDENTIFIER = com.learn.Yammy;
				PRODUCT_NAME = "$(TARGET_NAME)";
				SWIFT_EMIT_LOC_STRINGS = YES;
				SWIFT_VERSION = 5.0;
				TARGETED_DEVICE_FAMILY = "1,2";
			};
			name = Release;
		};
		21D73FED2EF5D5A6009CD482 /* Debug */ = {
			isa = XCBuildConfiguration;
			buildSettings = {
				ALWAYS_SEARCH_USER_PATHS = NO;
				ASSETCATALOG_COMPILER_GENERATE_SWIFT_ASSET_SYMBOL_EXTENSIONS = YES;
				CLANG_ANALYZER_NONNULL = YES;
				CLANG_ANALYZER_NUMBER_OBJECT_CONVERSION = YES_AGGRESSIVE;
				CLANG_CXX_LANGUAGE_STANDARD = "gnu++20";
				CLANG_ENABLE_MODULES = YES;
				CLANG_ENABLE_OBJC_ARC = YES;
				CLANG_ENABLE_OBJC_WEAK = YES;
				CLANG_WARN_BLOCK_CAPTURE_AUTORELEASING = YES;
				CLANG_WARN_BOOL_CONVERSION = YES;
				CLANG_WARN_COMMA = YES;
				CLANG_WARN_CONSTANT_CONVERSION = YES;
				CLANG_WARN_DEPRECATED_OBJC_IMPLEMENTATIONS = YES;
				CLANG_WARN_DIRECT_OBJC_ISA_USAGE = YES_ERROR;
				CLANG_WARN_DOCUMENTATION_COMMENTS = YES;
				CLANG_WARN_EMPTY_BODY = YES;
				CLANG_WARN_ENUM_CONVERSION = YES;
				CLANG_WARN_INFINITE_RECURSION = YES;
				CLANG_WARN_INT_CONVERSION = YES;
				CLANG_WARN_NON_LITERAL_NULL_CONVERSION = YES;
				CLANG_WARN_OBJC_IMPLICIT_RETAIN_SELF = YES;
				CLANG_WARN_OBJC_LITERAL_CONVERSION = YES;
				CLANG_WARN_OBJC_ROOT_CLASS = YES_ERROR;
				CLANG_WARN_QUOTED_INCLUDE_IN_FRAMEWORK_HEADER = YES;
				CLANG_WARN_RANGE_LOOP_ANALYSIS = YES;
				CLANG_WARN_STRICT_PROTOTYPES = YES;
				CLANG_WARN_SUSPICIOUS_MOVE = YES;
				CLANG_WARN_UNGUARDED_AVAILABILITY = YES_AGGRESSIVE;
				CLANG_WARN_UNREACHABLE_CODE = YES;
				CLANG_WARN__DUPLICATE_METHOD_MATCH = YES;
				COPY_PHASE_STRIP = NO;
				DEBUG_INFORMATION_FORMAT = dwarf;
				ENABLE_STRICT_OBJC_MSGSEND = YES;
				ENABLE_TESTABILITY = YES;
				ENABLE_USER_SCRIPT_SANDBOXING = YES;
				GCC_C_LANGUAGE_STANDARD = gnu17;
				GCC_DYNAMIC_NO_PIC = NO;
				GCC_NO_COMMON_BLOCKS = YES;
				GCC_OPTIMIZATION_LEVEL = 0;
				GCC_PREPROCESSOR_DEFINITIONS = (
					"DEBUG=1",
					"$(inherited)",
				);
				GCC_WARN_64_TO_32_BIT_CONVERSION = YES;
				GCC_WARN_ABOUT_RETURN_TYPE = YES_ERROR;
				GCC_WARN_UNDECLARED_SELECTOR = YES;
				GCC_WARN_UNINITIALIZED_AUTOS = YES_AGGRESSIVE;
				GCC_WARN_UNUSED_FUNCTION = YES;
				GCC_WARN_UNUSED_VARIABLE = YES;
				IPHONEOS_DEPLOYMENT_TARGET = 18.2;
				LOCALIZATION_PREFERS_STRING_CATALOGS = YES;
				MTL_ENABLE_DEBUG_INFO = INCLUDE_SOURCE;
				MTL_FAST_MATH = YES;
				ONLY_ACTIVE_ARCH = YES;
				SDKROOT = iphoneos;
				SWIFT_ACTIVE_COMPILATION_CONDITIONS = "DEBUG $(inherited)";
				SWIFT_OPTIMIZATION_LEVEL = "-Onone";
			};
			name = Debug;
		};
		21D73FEE2EF5D5A6009CD482 /* Release */ = {
			isa = XCBuildConfiguration;
			buildSettings = {
				ALWAYS_SEARCH_USER_PATHS = NO;
				ASSETCATALOG_COMPILER_GENERATE_SWIFT_ASSET_SYMBOL_EXTENSIONS = YES;
				CLANG_ANALYZER_NONNULL = YES;
				CLANG_ANALYZER_NUMBER_OBJECT_CONVERSION = YES_AGGRESSIVE;
				CLANG_CXX_LANGUAGE_STANDARD = "gnu++20";
				CLANG_ENABLE_MODULES = YES;
				CLANG_ENABLE_OBJC_ARC = YES;
				CLANG_ENABLE_OBJC_WEAK = YES;
				CLANG_WARN_BLOCK_CAPTURE_AUTORELEASING = YES;
				CLANG_WARN_BOOL_CONVERSION = YES;
				CLANG_WARN_COMMA = YES;
				CLANG_WARN_CONSTANT_CONVERSION = YES;
				CLANG_WARN_DEPRECATED_OBJC_IMPLEMENTATIONS = YES;
				CLANG_WARN_DIRECT_OBJC_ISA_USAGE = YES_ERROR;
				CLANG_WARN_DOCUMENTATION_COMMENTS = YES;
				CLANG_WARN_EMPTY_BODY = YES;
				CLANG_WARN_ENUM_CONVERSION = YES;
				CLANG_WARN_INFINITE_RECURSION = YES;
				CLANG_WARN_INT_CONVERSION = YES;
				CLANG_WARN_NON_LITERAL_NULL_CONVERSION = YES;
				CLANG_WARN_OBJC_IMPLICIT_RETAIN_SELF = YES;
				CLANG_WARN_OBJC_LITERAL_CONVERSION = YES;
				CLANG_WARN_OBJC_ROOT_CLASS = YES_ERROR;
				CLANG_WARN_QUOTED_INCLUDE_IN_FRAMEWORK_HEADER = YES;
				CLANG_WARN_RANGE_LOOP_ANALYSIS = YES;
				CLANG_WARN_STRICT_PROTOTYPES = YES;
				CLANG_WARN_SUSPICIOUS_MOVE = YES;
				CLANG_WARN_UNGUARDED_AVAILABILITY = YES_AGGRESSIVE;
				CLANG_WARN_UNREACHABLE_CODE = YES;
				CLANG_WARN__DUPLICATE_METHOD_MATCH = YES;
				COPY_PHASE_STRIP = NO;
				DEBUG_INFORMATION_FORMAT = "dwarf-with-dsym";
				ENABLE_NS_ASSERTIONS = NO;
				ENABLE_STRICT_OBJC_MSGSEND = YES;
				ENABLE_USER_SCRIPT_SANDBOXING = YES;
				GCC_C_LANGUAGE_STANDARD = gnu17;
				GCC_NO_COMMON_BLOCKS = YES;
				GCC_WARN_64_TO_32_BIT_CONVERSION = YES;
				GCC_WARN_ABOUT_RETURN_TYPE = YES_ERROR;
				GCC_WARN_UNDECLARED_SELECTOR = YES;
				GCC_WARN_UNINITIALIZED_AUTOS = YES_AGGRESSIVE;
				GCC_WARN_UNUSED_FUNCTION = YES;
				GCC_WARN_UNUSED_VARIABLE = YES;
				IPHONEOS_DEPLOYMENT_TARGET = 18.2;
				LOCALIZATION_PREFERS_STRING_CATALOGS = YES;
				MTL_ENABLE_DEBUG_INFO = NO;
				MTL_FAST_MATH = YES;
				SDKROOT = iphoneos;
				SWIFT_COMPILATION_MODE = wholemodule;
				VALIDATE_PRODUCT = YES;
			};
			name = Release;
		};
/* End XCBuildConfiguration section */

/* Begin XCConfigurationList section */
		21D73FD22EF5D5A4009CD482 /* Build configuration list for PBXProject "Yammy" */ = {
			isa = XCConfigurationList;
			buildConfigurations = (
				21D73FED2EF5D5A6009CD482 /* Debug */,
				21D73FEE2EF5D5A6009CD482 /* Release */,
			);
			defaultConfigurationIsVisible = 0;
			defaultConfigurationName = Release;
		};
		21D73FEA2EF5D5A6009CD482 /* Build configuration list for PBXNativeTarget "Yammy" */ = {
			isa = XCConfigurationList;
			buildConfigurations = (
				21D73FEB2EF5D5A6009CD482 /* Debug */,
				21D73FEC2EF5D5A6009CD482 /* Release */,
			);
			defaultConfigurationIsVisible = 0;
			defaultConfigurationName = Release;
		};
/* End XCConfigurationList section */
	};
	rootObject = 21D73FCF2EF5D5A4009CD482 /* Project object */;
}
